
Microsoft Visual Studio Solution File, Format Version 12.00
# Visual Studio Version 17
VisualStudioVersion = 17.7.34202.233
MinimumVisualStudioVersion = 10.0.40219.1
Project("{FAE04EC0-301F-11D3-BF4B-00C04F79EFBC}") = "Area 51 Simulation", "Area 51 Simulation\Area 51 Simulation.csproj", "{089EB99E-19FD-4BFC-887B-1004A05263CC}"
EndProject
Global
	GlobalSection(SolutionConfigurationPlatforms) = preSolution
		Debug|Any CPU = Debug|Any CPU
		Release|Any CPU = Release|Any CPU
	EndGlobalSection
	GlobalSection(ProjectConfigurationPlatforms) = postSolution
		{089EB99E-19FD-4BFC-887B-1004A05263CC}.Debug|Any CPU.ActiveCfg = Debug|Any CPU
		{089EB99E-19FD-4BFC-887B-1004A05263CC}.Debug|Any CPU.Build.0 = Debug|Any CPU
		{089EB99E-19FD-4BFC-887B-1004A05263CC}.Release|Any CPU.ActiveCfg = Release|Any CPU
		{089EB99E-19FD-4BFC-887B-1004A05263CC}.Release|Any CPU.Build.0 = Release|Any CPU
	EndGlobalSection
	GlobalSection(SolutionProperties) = preSolution
		HideSolutionNode = FALSE
	EndGlobalSection
	GlobalSection(ExtensibilityGlobals) = postSolution
		SolutionGuid = {24C355C7-8604-4A28-8951-F13A25DAA93B}
	EndGlobalSection
EndGlobal
